// !$*UTF8*$!
{
	archiveVersion = 1;
	classes = {
	};
	objectVersion = 50;
	objects = {

/* Begin PBXBuildFile section */
		FD6C5A8D230FEE220037660A /* AppDelegate.m in Sources */ = {isa = PBXBuildFile; fileRef = FD6C5A8C230FEE220037660A /* AppDelegate.m */; };
		FD6C5A93230FEE220037660A /* ViewController.m in Sources */ = {isa = PBXBuildFile; fileRef = FD6C5A92230FEE220037660A /* ViewController.m */; };
		FD6C5A96230FEE220037660A /* Main.storyboard in Resources */ = {isa = PBXBuildFile; fileRef = FD6C5A94230FEE220037660A /* Main.storyboard */; };
		FD6C5A98230FEE280037660A /* Assets.xcassets in Resources */ = {isa = PBXBuildFile; fileRef = FD6C5A97230FEE280037660A /* Assets.xcassets */; };
		FD6C5A9B230FEE280037660A /* LaunchScreen.storyboard in Resources */ = {isa = PBXBuildFile; fileRef = FD6C5A99230FEE280037660A /* LaunchScreen.storyboard */; };
		FD6C5A9E230FEE280037660A /* main.m in Sources */ = {isa = PBXBuildFile; fileRef = FD6C5A9D230FEE280037660A /* main.m */; };
		FD6C5AA8230FEE280037660A /* YZImageBrowserTests.m in Sources */ = {isa = PBXBuildFile; fileRef = FD6C5AA7230FEE280037660A /* YZImageBrowserTests.m */; };
		FD6C5AB3230FEE280037660A /* YZImageBrowserUITests.m in Sources */ = {isa = PBXBuildFile; fileRef = FD6C5AB2230FEE280037660A /* YZImageBrowserUITests.m */; };
		FD9469A32315106C0052E57B /* YZImageModel.m in Sources */ = {isa = PBXBuildFile; fileRef = FD9469A22315106C0052E57B /* YZImageModel.m */; };
		FD9469AD231512020052E57B /* YZImageView.m in Sources */ = {isa = PBXBuildFile; fileRef = FD9469A5231512020052E57B /* YZImageView.m */; };
		FD9469AE231512020052E57B /* YZImage.m in Sources */ = {isa = PBXBuildFile; fileRef = FD9469A6231512020052E57B /* YZImage.m */; };
		FD9469AF231512020052E57B /* YZImageDownloader.m in Sources */ = {isa = PBXBuildFile; fileRef = FD9469A7231512020052E57B /* YZImageDownloader.m */; };
		FD9469B0231512020052E57B /* YZImageCache.m in Sources */ = {isa = PBXBuildFile; fileRef = FD9469A8231512020052E57B /* YZImageCache.m */; };
		FD9469C0231514B80052E57B /* AFURLResponseSerialization.m in Sources */ = {isa = PBXBuildFile; fileRef = FD9469B6231514B80052E57B /* AFURLResponseSerialization.m */; };
		FD9469C1231514B80052E57B /* AFHTTPSessionManager.m in Sources */ = {isa = PBXBuildFile; fileRef = FD9469B7231514B80052E57B /* AFHTTPSessionManager.m */; };
		FD9469C2231514B80052E57B /* AFURLSessionManager.m in Sources */ = {isa = PBXBuildFile; fileRef = FD9469B9231514B80052E57B /* AFURLSessionManager.m */; };
		FD9469C3231514B80052E57B /* AFURLRequestSerialization.m in Sources */ = {isa = PBXBuildFile; fileRef = FD9469BA231514B80052E57B /* AFURLRequestSerialization.m */; };
		FD9469C4231514B80052E57B /* AFNetworkReachabilityManager.m in Sources */ = {isa = PBXBuildFile; fileRef = FD9469BC231514B80052E57B /* AFNetworkReachabilityManager.m */; };
		FD9469C5231514B80052E57B /* AFSecurityPolicy.m in Sources */ = {isa = PBXBuildFile; fileRef = FD9469BD231514B80052E57B /* AFSecurityPolicy.m */; };
		FD9469C8231517AA0052E57B /* YZImageBrowserView.m in Sources */ = {isa = PBXBuildFile; fileRef = FD9469C7231517AA0052E57B /* YZImageBrowserView.m */; };
		FD9469D423151D690052E57B /* YYSpriteSheetImage.m in Sources */ = {isa = PBXBuildFile; fileRef = FD9469CD23151D690052E57B /* YYSpriteSheetImage.m */; };
		FD9469D523151D690052E57B /* YYImage.m in Sources */ = {isa = PBXBuildFile; fileRef = FD9469CF23151D690052E57B /* YYImage.m */; };
		FD9469D623151D690052E57B /* YYImageCoder.m in Sources */ = {isa = PBXBuildFile; fileRef = FD9469D023151D690052E57B /* YYImageCoder.m */; };
		FD9469D723151D690052E57B /* YYFrameImage.m in Sources */ = {isa = PBXBuildFile; fileRef = FD9469D123151D690052E57B /* YYFrameImage.m */; };
		FD9469D823151D690052E57B /* YYAnimatedImageView.m in Sources */ = {isa = PBXBuildFile; fileRef = FD9469D223151D690052E57B /* YYAnimatedImageView.m */; };
		FD9469DB231536C20052E57B /* BUAdSDK.bundle in Resources */ = {isa = PBXBuildFile; fileRef = FD9469D9231536BC0052E57B /* BUAdSDK.bundle */; };
		FD9469DC231536C20052E57B /* BUAdSDK.framework in Frameworks */ = {isa = PBXBuildFile; fileRef = FD9469DA231536C10052E57B /* BUAdSDK.framework */; };
		FD9469DF2315373C0052E57B /* StoreKit.framework in Frameworks */ = {isa = PBXBuildFile; fileRef = FD9469DE2315373C0052E57B /* StoreKit.framework */; };
		FD9469E1231537440052E57B /* MobileCoreServices.framework in Frameworks */ = {isa = PBXBuildFile; fileRef = FD9469E0231537440052E57B /* MobileCoreServices.framework */; };
		FD9469E32315374B0052E57B /* WebKit.framework in Frameworks */ = {isa = PBXBuildFile; fileRef = FD9469E22315374A0052E57B /* WebKit.framework */; };
		FD9469E5231537510052E57B /* MediaPlayer.framework in Frameworks */ = {isa = PBXBuildFile; fileRef = FD9469E4231537510052E57B /* MediaPlayer.framework */; };
		FD9469E7231537580052E57B /* CoreMedia.framework in Frameworks */ = {isa = PBXBuildFile; fileRef = FD9469E6231537570052E57B /* CoreMedia.framework */; };
		FD9469E92315375D0052E57B /* AVFoundation.framework in Frameworks */ = {isa = PBXBuildFile; fileRef = FD9469E82315375D0052E57B /* AVFoundation.framework */; };
		FD9469EB231537640052E57B /* CoreTelephony.framework in Frameworks */ = {isa = PBXBuildFile; fileRef = FD9469EA231537630052E57B /* CoreTelephony.framework */; };
		FD9469ED2315376A0052E57B /* SystemConfiguration.framework in Frameworks */ = {isa = PBXBuildFile; fileRef = FD9469EC2315376A0052E57B /* SystemConfiguration.framework */; };
		FD9469EF231537700052E57B /* AdSupport.framework in Frameworks */ = {isa = PBXBuildFile; fileRef = FD9469EE231537700052E57B /* AdSupport.framework */; };
		FD9469F1231537830052E57B /* CoreMotion.framework in Frameworks */ = {isa = PBXBuildFile; fileRef = FD9469F0231537830052E57B /* CoreMotion.framework */; };
		FD9469F32315378B0052E57B /* libresolv.9.tbd in Frameworks */ = {isa = PBXBuildFile; fileRef = FD9469F22315378B0052E57B /* libresolv.9.tbd */; };
		FD9469F5231537920052E57B /* libc++.tbd in Frameworks */ = {isa = PBXBuildFile; fileRef = FD9469F4231537920052E57B /* libc++.tbd */; };
		FD9469F7231537990052E57B /* libz.tbd in Frameworks */ = {isa = PBXBuildFile; fileRef = FD9469F6231537980052E57B /* libz.tbd */; };
		FD9469F9231538860052E57B /* CoreLocation.framework in Frameworks */ = {isa = PBXBuildFile; fileRef = FD9469F8231538860052E57B /* CoreLocation.framework */; };
		FDCA933B2314C4DD002ACE14 /* wild.gif in Resources */ = {isa = PBXBuildFile; fileRef = FDCA931A2314C4DD002ACE14 /* wild.gif */; };
		FDCA933C2314C4DD002ACE14 /* qiaoben.gif in Resources */ = {isa = PBXBuildFile; fileRef = FDCA931B2314C4DD002ACE14 /* qiaoben.gif */; };
		FDCA933D2314C4DD002ACE14 /* game_6_tiny.jpg in Resources */ = {isa = PBXBuildFile; fileRef = FDCA931C2314C4DD002ACE14 /* game_6_tiny.jpg */; };
		FDCA933E2314C4DD002ACE14 /* game_5_hd.jpg in Resources */ = {isa = PBXBuildFile; fileRef = FDCA931D2314C4DD002ACE14 /* game_5_hd.jpg */; };
		FDCA933F2314C4DD002ACE14 /* cos_3_hd.jpg in Resources */ = {isa = PBXBuildFile; fileRef = FDCA931E2314C4DD002ACE14 /* cos_3_hd.jpg */; };
		FDCA93402314C4DD002ACE14 /* game_5_tiny.jpg in Resources */ = {isa = PBXBuildFile; fileRef = FDCA931F2314C4DD002ACE14 /* game_5_tiny.jpg */; };
		FDCA93412314C4DD002ACE14 /* game_4_tiny.jpg in Resources */ = {isa = PBXBuildFile; fileRef = FDCA93202314C4DD002ACE14 /* game_4_tiny.jpg */; };
		FDCA93422314C4DD002ACE14 /* cos_6_tiny.jpg in Resources */ = {isa = PBXBuildFile; fileRef = FDCA93212314C4DD002ACE14 /* cos_6_tiny.jpg */; };
		FDCA93432314C4DD002ACE14 /* cos_1_hd.jpg in Resources */ = {isa = PBXBuildFile; fileRef = FDCA93222314C4DD002ACE14 /* cos_1_hd.jpg */; };
		FDCA93442314C4DD002ACE14 /* cos_5_hd.jpg in Resources */ = {isa = PBXBuildFile; fileRef = FDCA93232314C4DD002ACE14 /* cos_5_hd.jpg */; };
		FDCA93452314C4DD002ACE14 /* game_2_tiny.jpg in Resources */ = {isa = PBXBuildFile; fileRef = FDCA93242314C4DD002ACE14 /* game_2_tiny.jpg */; };
		FDCA93462314C4DD002ACE14 /* game_3_tiny.jpg in Resources */ = {isa = PBXBuildFile; fileRef = FDCA93252314C4DD002ACE14 /* game_3_tiny.jpg */; };
		FDCA93472314C4DD002ACE14 /* cos_1_tiny.jpg in Resources */ = {isa = PBXBuildFile; fileRef = FDCA93262314C4DD002ACE14 /* cos_1_tiny.jpg */; };
		FDCA93482314C4DD002ACE14 /* game_3_hd.jpg in Resources */ = {isa = PBXBuildFile; fileRef = FDCA93272314C4DD002ACE14 /* game_3_hd.jpg */; };
		FDCA93492314C4DD002ACE14 /* gua.mp4 in Resources */ = {isa = PBXBuildFile; fileRef = FDCA93282314C4DD002ACE14 /* gua.mp4 */; };
		FDCA934B2314C4DD002ACE14 /* part.gif in Resources */ = {isa = PBXBuildFile; fileRef = FDCA932A2314C4DD002ACE14 /* part.gif */; };
		FDCA934C2314C4DD002ACE14 /* xuwei.mp4 in Resources */ = {isa = PBXBuildFile; fileRef = FDCA932B2314C4DD002ACE14 /* xuwei.mp4 */; };
		FDCA934D2314C4DD002ACE14 /* game_6_hd.jpg in Resources */ = {isa = PBXBuildFile; fileRef = FDCA932C2314C4DD002ACE14 /* game_6_hd.jpg */; };
		FDCA934E2314C4DD002ACE14 /* game_1_hd.jpg in Resources */ = {isa = PBXBuildFile; fileRef = FDCA932D2314C4DD002ACE14 /* game_1_hd.jpg */; };
		FDCA934F2314C4DD002ACE14 /* cos_2_hd.jpg in Resources */ = {isa = PBXBuildFile; fileRef = FDCA932E2314C4DD002ACE14 /* cos_2_hd.jpg */; };
		FDCA93502314C4DD002ACE14 /* game_4_hd.jpg in Resources */ = {isa = PBXBuildFile; fileRef = FDCA932F2314C4DD002ACE14 /* game_4_hd.jpg */; };
		FDCA93512314C4DD002ACE14 /* cos_4_tiny.jpg in Resources */ = {isa = PBXBuildFile; fileRef = FDCA93302314C4DD002ACE14 /* cos_4_tiny.jpg */; };
		FDCA93522314C4DD002ACE14 /* cos_5_tiny.jpg in Resources */ = {isa = PBXBuildFile; fileRef = FDCA93312314C4DD002ACE14 /* cos_5_tiny.jpg */; };
		FDCA93542314C4DD002ACE14 /* leo.gif in Resources */ = {isa = PBXBuildFile; fileRef = FDCA93332314C4DD002ACE14 /* leo.gif */; };
		FDCA93552314C4DD002ACE14 /* game_2_hd.jpg in Resources */ = {isa = PBXBuildFile; fileRef = FDCA93342314C4DD002ACE14 /* game_2_hd.jpg */; };
		FDCA93562314C4DD002ACE14 /* cos_4_hd.jpg in Resources */ = {isa = PBXBuildFile; fileRef = FDCA93352314C4DD002ACE14 /* cos_4_hd.jpg */; };
		FDCA93572314C4DD002ACE14 /* beng.mp4 in Resources */ = {isa = PBXBuildFile; fileRef = FDCA93362314C4DD002ACE14 /* beng.mp4 */; };
		FDCA93582314C4DD002ACE14 /* cos_6_hd.jpg in Resources */ = {isa = PBXBuildFile; fileRef = FDCA93372314C4DD002ACE14 /* cos_6_hd.jpg */; };
		FDCA93592314C4DD002ACE14 /* game_1_tiny.jpg in Resources */ = {isa = PBXBuildFile; fileRef = FDCA93382314C4DD002ACE14 /* game_1_tiny.jpg */; };
		FDCA935A2314C4DD002ACE14 /* cos_3_tiny.jpg in Resources */ = {isa = PBXBuildFile; fileRef = FDCA93392314C4DD002ACE14 /* cos_3_tiny.jpg */; };
		FDCA935B2314C4DD002ACE14 /* cos_2_tiny.jpg in Resources */ = {isa = PBXBuildFile; fileRef = FDCA933A2314C4DD002ACE14 /* cos_2_tiny.jpg */; };
/* End PBXBuildFile section */

/* Begin PBXContainerItemProxy section */
		FD6C5AA4230FEE280037660A /* PBXContainerItemProxy */ = {
			isa = PBXContainerItemProxy;
			containerPortal = FD6C5A80230FEE220037660A /* Project object */;
			proxyType = 1;
			remoteGlobalIDString = FD6C5A87230FEE220037660A;
			remoteInfo = YZImageBrowser;
		};
		FD6C5AAF230FEE280037660A /* PBXContainerItemProxy */ = {
			isa = PBXContainerItemProxy;
			containerPortal = FD6C5A80230FEE220037660A /* Project object */;
			proxyType = 1;
			remoteGlobalIDString = FD6C5A87230FEE220037660A;
			remoteInfo = YZImageBrowser;
		};
/* End PBXContainerItemProxy section */

/* Begin PBXFileReference section */
		FD6C5A88230FEE220037660A /* YZImageBrowser.app */ = {isa = PBXFileReference; explicitFileType = wrapper.application; includeInIndex = 0; path = YZImageBrowser.app; sourceTree = BUILT_PRODUCTS_DIR; };
		FD6C5A8B230FEE220037660A /* AppDelegate.h */ = {isa = PBXFileReference; lastKnownFileType = sourcecode.c.h; path = AppDelegate.h; sourceTree = "<group>"; };
		FD6C5A8C230FEE220037660A /* AppDelegate.m */ = {isa = PBXFileReference; lastKnownFileType = sourcecode.c.objc; path = AppDelegate.m; sourceTree = "<group>"; };
		FD6C5A91230FEE220037660A /* ViewController.h */ = {isa = PBXFileReference; lastKnownFileType = sourcecode.c.h; path = ViewController.h; sourceTree = "<group>"; };
		FD6C5A92230FEE220037660A /* ViewController.m */ = {isa = PBXFileReference; lastKnownFileType = sourcecode.c.objc; path = ViewController.m; sourceTree = "<group>"; };
		FD6C5A95230FEE220037660A /* Base */ = {isa = PBXFileReference; lastKnownFileType = file.storyboard; name = Base; path = Base.lproj/Main.storyboard; sourceTree = "<group>"; };
		FD6C5A97230FEE280037660A /* Assets.xcassets */ = {isa = PBXFileReference; lastKnownFileType = folder.assetcatalog; path = Assets.xcassets; sourceTree = "<group>"; };
		FD6C5A9A230FEE280037660A /* Base */ = {isa = PBXFileReference; lastKnownFileType = file.storyboard; name = Base; path = Base.lproj/LaunchScreen.storyboard; sourceTree = "<group>"; };
		FD6C5A9C230FEE280037660A /* Info.plist */ = {isa = PBXFileReference; lastKnownFileType = text.plist.xml; path = Info.plist; sourceTree = "<group>"; };
		FD6C5A9D230FEE280037660A /* main.m */ = {isa = PBXFileReference; lastKnownFileType = sourcecode.c.objc; path = main.m; sourceTree = "<group>"; };
		FD6C5AA3230FEE280037660A /* YZImageBrowserTests.xctest */ = {isa = PBXFileReference; explicitFileType = wrapper.cfbundle; includeInIndex = 0; path = YZImageBrowserTests.xctest; sourceTree = BUILT_PRODUCTS_DIR; };
		FD6C5AA7230FEE280037660A /* YZImageBrowserTests.m */ = {isa = PBXFileReference; lastKnownFileType = sourcecode.c.objc; path = YZImageBrowserTests.m; sourceTree = "<group>"; };
		FD6C5AA9230FEE280037660A /* Info.plist */ = {isa = PBXFileReference; lastKnownFileType = text.plist.xml; path = Info.plist; sourceTree = "<group>"; };
		FD6C5AAE230FEE280037660A /* YZImageBrowserUITests.xctest */ = {isa = PBXFileReference; explicitFileType = wrapper.cfbundle; includeInIndex = 0; path = YZImageBrowserUITests.xctest; sourceTree = BUILT_PRODUCTS_DIR; };
		FD6C5AB2230FEE280037660A /* YZImageBrowserUITests.m */ = {isa = PBXFileReference; lastKnownFileType = sourcecode.c.objc; path = YZImageBrowserUITests.m; sourceTree = "<group>"; };
		FD6C5AB4230FEE280037660A /* Info.plist */ = {isa = PBXFileReference; lastKnownFileType = text.plist.xml; path = Info.plist; sourceTree = "<group>"; };
		FD9469A12315106C0052E57B /* YZImageModel.h */ = {isa = PBXFileReference; lastKnownFileType = sourcecode.c.h; path = YZImageModel.h; sourceTree = "<group>"; };
		FD9469A22315106C0052E57B /* YZImageModel.m */ = {isa = PBXFileReference; lastKnownFileType = sourcecode.c.objc; path = YZImageModel.m; sourceTree = "<group>"; };
		FD9469A5231512020052E57B /* YZImageView.m */ = {isa = PBXFileReference; fileEncoding = 4; lastKnownFileType = sourcecode.c.objc; path = YZImageView.m; sourceTree = "<group>"; };
		FD9469A6231512020052E57B /* YZImage.m */ = {isa = PBXFileReference; fileEncoding = 4; lastKnownFileType = sourcecode.c.objc; path = YZImage.m; sourceTree = "<group>"; };
		FD9469A7231512020052E57B /* YZImageDownloader.m */ = {isa = PBXFileReference; fileEncoding = 4; lastKnownFileType = sourcecode.c.objc; path = YZImageDownloader.m; sourceTree = "<group>"; };
		FD9469A8231512020052E57B /* YZImageCache.m */ = {isa = PBXFileReference; fileEncoding = 4; lastKnownFileType = sourcecode.c.objc; path = YZImageCache.m; sourceTree = "<group>"; };
		FD9469A9231512020052E57B /* YZImageView.h */ = {isa = PBXFileReference; fileEncoding = 4; lastKnownFileType = sourcecode.c.h; path = YZImageView.h; sourceTree = "<group>"; };
		FD9469AA231512020052E57B /* YZImage.h */ = {isa = PBXFileReference; fileEncoding = 4; lastKnownFileType = sourcecode.c.h; path = YZImage.h; sourceTree = "<group>"; };
		FD9469AB231512020052E57B /* YZImageDownloader.h */ = {isa = PBXFileReference; fileEncoding = 4; lastKnownFileType = sourcecode.c.h; path = YZImageDownloader.h; sourceTree = "<group>"; };
		FD9469AC231512020052E57B /* YZImageCache.h */ = {isa = PBXFileReference; fileEncoding = 4; lastKnownFileType = sourcecode.c.h; path = YZImageCache.h; sourceTree = "<group>"; };
		FD9469B2231514B80052E57B /* AFSecurityPolicy.h */ = {isa = PBXFileReference; fileEncoding = 4; lastKnownFileType = sourcecode.c.h; path = AFSecurityPolicy.h; sourceTree = "<group>"; };
		FD9469B3231514B80052E57B /* AFNetworkReachabilityManager.h */ = {isa = PBXFileReference; fileEncoding = 4; lastKnownFileType = sourcecode.c.h; path = AFNetworkReachabilityManager.h; sourceTree = "<group>"; };
		FD9469B4231514B80052E57B /* AFURLSessionManager.h */ = {isa = PBXFileReference; fileEncoding = 4; lastKnownFileType = sourcecode.c.h; path = AFURLSessionManager.h; sourceTree = "<group>"; };
		FD9469B5231514B80052E57B /* AFURLRequestSerialization.h */ = {isa = PBXFileReference; fileEncoding = 4; lastKnownFileType = sourcecode.c.h; path = AFURLRequestSerialization.h; sourceTree = "<group>"; };
		FD9469B6231514B80052E57B /* AFURLResponseSerialization.m */ = {isa = PBXFileReference; fileEncoding = 4; lastKnownFileType = sourcecode.c.objc; path = AFURLResponseSerialization.m; sourceTree = "<group>"; };
		FD9469B7231514B80052E57B /* AFHTTPSessionManager.m */ = {isa = PBXFileReference; fileEncoding = 4; lastKnownFileType = sourcecode.c.objc; path = AFHTTPSessionManager.m; sourceTree = "<group>"; };
		FD9469B8231514B80052E57B /* AFURLResponseSerialization.h */ = {isa = PBXFileReference; fileEncoding = 4; lastKnownFileType = sourcecode.c.h; path = AFURLResponseSerialization.h; sourceTree = "<group>"; };
		FD9469B9231514B80052E57B /* AFURLSessionManager.m */ = {isa = PBXFileReference; fileEncoding = 4; lastKnownFileType = sourcecode.c.objc; path = AFURLSessionManager.m; sourceTree = "<group>"; };
		FD9469BA231514B80052E57B /* AFURLRequestSerialization.m */ = {isa = PBXFileReference; fileEncoding = 4; lastKnownFileType = sourcecode.c.objc; path = AFURLRequestSerialization.m; sourceTree = "<group>"; };
		FD9469BB231514B80052E57B /* AFNetworking.h */ = {isa = PBXFileReference; fileEncoding = 4; lastKnownFileType = sourcecode.c.h; path = AFNetworking.h; sourceTree = "<group>"; };
		FD9469BC231514B80052E57B /* AFNetworkReachabilityManager.m */ = {isa = PBXFileReference; fileEncoding = 4; lastKnownFileType = sourcecode.c.objc; path = AFNetworkReachabilityManager.m; sourceTree = "<group>"; };
		FD9469BD231514B80052E57B /* AFSecurityPolicy.m */ = {isa = PBXFileReference; fileEncoding = 4; lastKnownFileType = sourcecode.c.objc; path = AFSecurityPolicy.m; sourceTree = "<group>"; };
		FD9469BE231514B80052E57B /* AFCompatibilityMacros.h */ = {isa = PBXFileReference; fileEncoding = 4; lastKnownFileType = sourcecode.c.h; path = AFCompatibilityMacros.h; sourceTree = "<group>"; };
		FD9469BF231514B80052E57B /* AFHTTPSessionManager.h */ = {isa = PBXFileReference; fileEncoding = 4; lastKnownFileType = sourcecode.c.h; path = AFHTTPSessionManager.h; sourceTree = "<group>"; };
		FD9469C6231517AA0052E57B /* YZImageBrowserView.h */ = {isa = PBXFileReference; lastKnownFileType = sourcecode.c.h; path = YZImageBrowserView.h; sourceTree = "<group>"; };
		FD9469C7231517AA0052E57B /* YZImageBrowserView.m */ = {isa = PBXFileReference; lastKnownFileType = sourcecode.c.objc; path = YZImageBrowserView.m; sourceTree = "<group>"; };
		FD9469CA23151D690052E57B /* YYImage.h */ = {isa = PBXFileReference; fileEncoding = 4; lastKnownFileType = sourcecode.c.h; path = YYImage.h; sourceTree = "<group>"; };
		FD9469CB23151D690052E57B /* YYImageCoder.h */ = {isa = PBXFileReference; fileEncoding = 4; lastKnownFileType = sourcecode.c.h; path = YYImageCoder.h; sourceTree = "<group>"; };
		FD9469CC23151D690052E57B /* YYFrameImage.h */ = {isa = PBXFileReference; fileEncoding = 4; lastKnownFileType = sourcecode.c.h; path = YYFrameImage.h; sourceTree = "<group>"; };
		FD9469CD23151D690052E57B /* YYSpriteSheetImage.m */ = {isa = PBXFileReference; fileEncoding = 4; lastKnownFileType = sourcecode.c.objc; path = YYSpriteSheetImage.m; sourceTree = "<group>"; };
		FD9469CE23151D690052E57B /* YYAnimatedImageView.h */ = {isa = PBXFileReference; fileEncoding = 4; lastKnownFileType = sourcecode.c.h; path = YYAnimatedImageView.h; sourceTree = "<group>"; };
		FD9469CF23151D690052E57B /* YYImage.m */ = {isa = PBXFileReference; fileEncoding = 4; lastKnownFileType = sourcecode.c.objc; path = YYImage.m; sourceTree = "<group>"; };
		FD9469D023151D690052E57B /* YYImageCoder.m */ = {isa = PBXFileReference; fileEncoding = 4; lastKnownFileType = sourcecode.c.objc; path = YYImageCoder.m; sourceTree = "<group>"; };
		FD9469D123151D690052E57B /* YYFrameImage.m */ = {isa = PBXFileReference; fileEncoding = 4; lastKnownFileType = sourcecode.c.objc; path = YYFrameImage.m; sourceTree = "<group>"; };
		FD9469D223151D690052E57B /* YYAnimatedImageView.m */ = {isa = PBXFileReference; fileEncoding = 4; lastKnownFileType = sourcecode.c.objc; path = YYAnimatedImageView.m; sourceTree = "<group>"; };
		FD9469D323151D690052E57B /* YYSpriteSheetImage.h */ = {isa = PBXFileReference; fileEncoding = 4; lastKnownFileType = sourcecode.c.h; path = YYSpriteSheetImage.h; sourceTree = "<group>"; };
		FD9469D9231536BC0052E57B /* BUAdSDK.bundle */ = {isa = PBXFileReference; lastKnownFileType = "wrapper.plug-in"; path = BUAdSDK.bundle; sourceTree = "<group>"; };
		FD9469DA231536C10052E57B /* BUAdSDK.framework */ = {isa = PBXFileReference; lastKnownFileType = wrapper.framework; path = BUAdSDK.framework; sourceTree = "<group>"; };
		FD9469DE2315373C0052E57B /* StoreKit.framework */ = {isa = PBXFileReference; lastKnownFileType = wrapper.framework; name = StoreKit.framework; path = System/Library/Frameworks/StoreKit.framework; sourceTree = SDKROOT; };
		FD9469E0231537440052E57B /* MobileCoreServices.framework */ = {isa = PBXFileReference; lastKnownFileType = wrapper.framework; name = MobileCoreServices.framework; path = System/Library/Frameworks/MobileCoreServices.framework; sourceTree = SDKROOT; };
		FD9469E22315374A0052E57B /* WebKit.framework */ = {isa = PBXFileReference; lastKnownFileType = wrapper.framework; name = WebKit.framework; path = System/Library/Frameworks/WebKit.framework; sourceTree = SDKROOT; };
		FD9469E4231537510052E57B /* MediaPlayer.framework */ = {isa = PBXFileReference; lastKnownFileType = wrapper.framework; name = MediaPlayer.framework; path = System/Library/Frameworks/MediaPlayer.framework; sourceTree = SDKROOT; };
		FD9469E6231537570052E57B /* CoreMedia.framework */ = {isa = PBXFileReference; lastKnownFileType = wrapper.framework; name = CoreMedia.framework; path = System/Library/Frameworks/CoreMedia.framework; sourceTree = SDKROOT; };
		FD9469E82315375D0052E57B /* AVFoundation.framework */ = {isa = PBXFileReference; lastKnownFileType = wrapper.framework; name = AVFoundation.framework; path = System/Library/Frameworks/AVFoundation.framework; sourceTree = SDKROOT; };
		FD9469EA231537630052E57B /* CoreTelephony.framework */ = {isa = PBXFileReference; lastKnownFileType = wrapper.framework; name = CoreTelephony.framework; path = System/Library/Frameworks/CoreTelephony.framework; sourceTree = SDKROOT; };
		FD9469EC2315376A0052E57B /* SystemConfiguration.framework */ = {isa = PBXFileReference; lastKnownFileType = wrapper.framework; name = SystemConfiguration.framework; path = System/Library/Frameworks/SystemConfiguration.framework; sourceTree = SDKROOT; };
		FD9469EE231537700052E57B /* AdSupport.framework */ = {isa = PBXFileReference; lastKnownFileType = wrapper.framework; name = AdSupport.framework; path = System/Library/Frameworks/AdSupport.framework; sourceTree = SDKROOT; };
		FD9469F0231537830052E57B /* CoreMotion.framework */ = {isa = PBXFileReference; lastKnownFileType = wrapper.framework; name = CoreMotion.framework; path = System/Library/Frameworks/CoreMotion.framework; sourceTree = SDKROOT; };
		FD9469F22315378B0052E57B /* libresolv.9.tbd */ = {isa = PBXFileReference; lastKnownFileType = "sourcecode.text-based-dylib-definition"; name = libresolv.9.tbd; path = usr/lib/libresolv.9.tbd; sourceTree = SDKROOT; };
		FD9469F4231537920052E57B /* libc++.tbd */ = {isa = PBXFileReference; lastKnownFileType = "sourcecode.text-based-dylib-definition"; name = "libc++.tbd"; path = "usr/lib/libc++.tbd"; sourceTree = SDKROOT; };
		FD9469F6231537980052E57B /* libz.tbd */ = {isa = PBXFileReference; lastKnownFileType = "sourcecode.text-based-dylib-definition"; name = libz.tbd; path = usr/lib/libz.tbd; sourceTree = SDKROOT; };
		FD9469F8231538860052E57B /* CoreLocation.framework */ = {isa = PBXFileReference; lastKnownFileType = wrapper.framework; name = CoreLocation.framework; path = System/Library/Frameworks/CoreLocation.framework; sourceTree = SDKROOT; };
		FD9469FA231538F10052E57B /* zh-Hans */ = {isa = PBXFileReference; lastKnownFileType = text.plist.strings; name = "zh-Hans"; path = "zh-Hans.lproj/Main.strings"; sourceTree = "<group>"; };
		FD9469FB231538F20052E57B /* zh-Hans */ = {isa = PBXFileReference; lastKnownFileType = text.plist.strings; name = "zh-Hans"; path = "zh-Hans.lproj/LaunchScreen.strings"; sourceTree = "<group>"; };
		FDCA931A2314C4DD002ACE14 /* wild.gif */ = {isa = PBXFileReference; lastKnownFileType = image.gif; path = wild.gif; sourceTree = "<group>"; };
		FDCA931B2314C4DD002ACE14 /* qiaoben.gif */ = {isa = PBXFileReference; lastKnownFileType = image.gif; path = qiaoben.gif; sourceTree = "<group>"; };
		FDCA931C2314C4DD002ACE14 /* game_6_tiny.jpg */ = {isa = PBXFileReference; lastKnownFileType = image.jpeg; path = game_6_tiny.jpg; sourceTree = "<group>"; };
		FDCA931D2314C4DD002ACE14 /* game_5_hd.jpg */ = {isa = PBXFileReference; lastKnownFileType = image.jpeg; path = game_5_hd.jpg; sourceTree = "<group>"; };
		FDCA931E2314C4DD002ACE14 /* cos_3_hd.jpg */ = {isa = PBXFileReference; lastKnownFileType = image.jpeg; path = cos_3_hd.jpg; sourceTree = "<group>"; };
		FDCA931F2314C4DD002ACE14 /* game_5_tiny.jpg */ = {isa = PBXFileReference; lastKnownFileType = image.jpeg; path = game_5_tiny.jpg; sourceTree = "<group>"; };
		FDCA93202314C4DD002ACE14 /* game_4_tiny.jpg */ = {isa = PBXFileReference; lastKnownFileType = image.jpeg; path = game_4_tiny.jpg; sourceTree = "<group>"; };
		FDCA93212314C4DD002ACE14 /* cos_6_tiny.jpg */ = {isa = PBXFileReference; lastKnownFileType = image.jpeg; path = cos_6_tiny.jpg; sourceTree = "<group>"; };
		FDCA93222314C4DD002ACE14 /* cos_1_hd.jpg */ = {isa = PBXFileReference; lastKnownFileType = image.jpeg; path = cos_1_hd.jpg; sourceTree = "<group>"; };
		FDCA93232314C4DD002ACE14 /* cos_5_hd.jpg */ = {isa = PBXFileReference; lastKnownFileType = image.jpeg; path = cos_5_hd.jpg; sourceTree = "<group>"; };
		FDCA93242314C4DD002ACE14 /* game_2_tiny.jpg */ = {isa = PBXFileReference; lastKnownFileType = image.jpeg; path = game_2_tiny.jpg; sourceTree = "<group>"; };
		FDCA93252314C4DD002ACE14 /* game_3_tiny.jpg */ = {isa = PBXFileReference; lastKnownFileType = image.jpeg; path = game_3_tiny.jpg; sourceTree = "<group>"; };
		FDCA93262314C4DD002ACE14 /* cos_1_tiny.jpg */ = {isa = PBXFileReference; lastKnownFileType = image.jpeg; path = cos_1_tiny.jpg; sourceTree = "<group>"; };
		FDCA93272314C4DD002ACE14 /* game_3_hd.jpg */ = {isa = PBXFileReference; lastKnownFileType = image.jpeg; path = game_3_hd.jpg; sourceTree = "<group>"; };
		FDCA93282314C4DD002ACE14 /* gua.mp4 */ = {isa = PBXFileReference; lastKnownFileType = file; path = gua.mp4; sourceTree = "<group>"; };
		FDCA932A2314C4DD002ACE14 /* part.gif */ = {isa = PBXFileReference; lastKnownFileType = image.gif; path = part.gif; sourceTree = "<group>"; };
		FDCA932B2314C4DD002ACE14 /* xuwei.mp4 */ = {isa = PBXFileReference; lastKnownFileType = file; path = xuwei.mp4; sourceTree = "<group>"; };
		FDCA932C2314C4DD002ACE14 /* game_6_hd.jpg */ = {isa = PBXFileReference; lastKnownFileType = image.jpeg; path = game_6_hd.jpg; sourceTree = "<group>"; };
		FDCA932D2314C4DD002ACE14 /* game_1_hd.jpg */ = {isa = PBXFileReference; lastKnownFileType = image.jpeg; path = game_1_hd.jpg; sourceTree = "<group>"; };
		FDCA932E2314C4DD002ACE14 /* cos_2_hd.jpg */ = {isa = PBXFileReference; lastKnownFileType = image.jpeg; path = cos_2_hd.jpg; sourceTree = "<group>"; };
		FDCA932F2314C4DD002ACE14 /* game_4_hd.jpg */ = {isa = PBXFileReference; lastKnownFileType = image.jpeg; path = game_4_hd.jpg; sourceTree = "<group>"; };
		FDCA93302314C4DD002ACE14 /* cos_4_tiny.jpg */ = {isa = PBXFileReference; lastKnownFileType = image.jpeg; path = cos_4_tiny.jpg; sourceTree = "<group>"; };
		FDCA93312314C4DD002ACE14 /* cos_5_tiny.jpg */ = {isa = PBXFileReference; lastKnownFileType = image.jpeg; path = cos_5_tiny.jpg; sourceTree = "<group>"; };
		FDCA93332314C4DD002ACE14 /* leo.gif */ = {isa = PBXFileReference; lastKnownFileType = image.gif; path = leo.gif; sourceTree = "<group>"; };
		FDCA93342314C4DD002ACE14 /* game_2_hd.jpg */ = {isa = PBXFileReference; lastKnownFileType = image.jpeg; path = game_2_hd.jpg; sourceTree = "<group>"; };
		FDCA93352314C4DD002ACE14 /* cos_4_hd.jpg */ = {isa = PBXFileReference; lastKnownFileType = image.jpeg; path = cos_4_hd.jpg; sourceTree = "<group>"; };
		FDCA93362314C4DD002ACE14 /* beng.mp4 */ = {isa = PBXFileReference; lastKnownFileType = file; path = beng.mp4; sourceTree = "<group>"; };
		FDCA93372314C4DD002ACE14 /* cos_6_hd.jpg */ = {isa = PBXFileReference; lastKnownFileType = image.jpeg; path = cos_6_hd.jpg; sourceTree = "<group>"; };
		FDCA93382314C4DD002ACE14 /* game_1_tiny.jpg */ = {isa = PBXFileReference; lastKnownFileType = image.jpeg; path = game_1_tiny.jpg; sourceTree = "<group>"; };
		FDCA93392314C4DD002ACE14 /* cos_3_tiny.jpg */ = {isa = PBXFileReference; lastKnownFileType = image.jpeg; path = cos_3_tiny.jpg; sourceTree = "<group>"; };
		FDCA933A2314C4DD002ACE14 /* cos_2_tiny.jpg */ = {isa = PBXFileReference; lastKnownFileType = image.jpeg; path = cos_2_tiny.jpg; sourceTree = "<group>"; };
/* End PBXFileReference section */

/* Begin PBXFrameworksBuildPhase section */
		FD6C5A85230FEE220037660A /* Frameworks */ = {
			isa = PBXFrameworksBuildPhase;
			buildActionMask = 2147483647;
			files = (
				FD9469F9231538860052E57B /* CoreLocation.framework in Frameworks */,
				FD9469F7231537990052E57B /* libz.tbd in Frameworks */,
				FD9469F5231537920052E57B /* libc++.tbd in Frameworks */,
				FD9469F32315378B0052E57B /* libresolv.9.tbd in Frameworks */,
				FD9469F1231537830052E57B /* CoreMotion.framework in Frameworks */,
				FD9469EF231537700052E57B /* AdSupport.framework in Frameworks */,
				FD9469ED2315376A0052E57B /* SystemConfiguration.framework in Frameworks */,
				FD9469EB231537640052E57B /* CoreTelephony.framework in Frameworks */,
				FD9469E92315375D0052E57B /* AVFoundation.framework in Frameworks */,
				FD9469E7231537580052E57B /* CoreMedia.framework in Frameworks */,
				FD9469E5231537510052E57B /* MediaPlayer.framework in Frameworks */,
				FD9469E32315374B0052E57B /* WebKit.framework in Frameworks */,
				FD9469E1231537440052E57B /* MobileCoreServices.framework in Frameworks */,
				FD9469DF2315373C0052E57B /* StoreKit.framework in Frameworks */,
				FD9469DC231536C20052E57B /* BUAdSDK.framework in Frameworks */,
			);
			runOnlyForDeploymentPostprocessing = 0;
		};
		FD6C5AA0230FEE280037660A /* Frameworks */ = {
			isa = PBXFrameworksBuildPhase;
			buildActionMask = 2147483647;
			files = (
			);
			runOnlyForDeploymentPostprocessing = 0;
		};
		FD6C5AAB230FEE280037660A /* Frameworks */ = {
			isa = PBXFrameworksBuildPhase;
			buildActionMask = 2147483647;
			files = (
			);
			runOnlyForDeploymentPostprocessing = 0;
		};
/* End PBXFrameworksBuildPhase section */

/* Begin PBXGroup section */
		FD6C5A7F230FEE220037660A = {
			isa = PBXGroup;
			children = (
				FD6C5A8A230FEE220037660A /* YZImageBrowser */,
				FD6C5AA6230FEE280037660A /* YZImageBrowserTests */,
				FD6C5AB1230FEE280037660A /* YZImageBrowserUITests */,
				FD6C5A89230FEE220037660A /* Products */,
				FD9469DD2315373B0052E57B /* Frameworks */,
			);
			sourceTree = "<group>";
		};
		FD6C5A89230FEE220037660A /* Products */ = {
			isa = PBXGroup;
			children = (
				FD6C5A88230FEE220037660A /* YZImageBrowser.app */,
				FD6C5AA3230FEE280037660A /* YZImageBrowserTests.xctest */,
				FD6C5AAE230FEE280037660A /* YZImageBrowserUITests.xctest */,
			);
			name = Products;
			sourceTree = "<group>";
		};
		FD6C5A8A230FEE220037660A /* YZImageBrowser */ = {
			isa = PBXGroup;
			children = (
				FD9469A12315106C0052E57B /* YZImageModel.h */,
				FD9469A22315106C0052E57B /* YZImageModel.m */,
				FD9469C6231517AA0052E57B /* YZImageBrowserView.h */,
				FD9469C7231517AA0052E57B /* YZImageBrowserView.m */,
				FD9469D9231536BC0052E57B /* BUAdSDK.bundle */,
				FD9469DA231536C10052E57B /* BUAdSDK.framework */,
				FD9469C923151D690052E57B /* YYImage */,
				FD9469B1231514B80052E57B /* AFNetworking */,
				FD9469A4231512020052E57B /* Images */,
				FDCA93192314C4DD002ACE14 /* Graphics */,
				FD6C5A8B230FEE220037660A /* AppDelegate.h */,
				FD6C5A8C230FEE220037660A /* AppDelegate.m */,
				FD6C5A91230FEE220037660A /* ViewController.h */,
				FD6C5A92230FEE220037660A /* ViewController.m */,
				FD6C5A94230FEE220037660A /* Main.storyboard */,
				FD6C5A97230FEE280037660A /* Assets.xcassets */,
				FD6C5A99230FEE280037660A /* LaunchScreen.storyboard */,
				FD6C5A9C230FEE280037660A /* Info.plist */,
				FD6C5A9D230FEE280037660A /* main.m */,
			);
			path = YZImageBrowser;
			sourceTree = "<group>";
		};
		FD6C5AA6230FEE280037660A /* YZImageBrowserTests */ = {
			isa = PBXGroup;
			children = (
				FD6C5AA7230FEE280037660A /* YZImageBrowserTests.m */,
				FD6C5AA9230FEE280037660A /* Info.plist */,
			);
			path = YZImageBrowserTests;
			sourceTree = "<group>";
		};
		FD6C5AB1230FEE280037660A /* YZImageBrowserUITests */ = {
			isa = PBXGroup;
			children = (
				FD6C5AB2230FEE280037660A /* YZImageBrowserUITests.m */,
				FD6C5AB4230FEE280037660A /* Info.plist */,
			);
			path = YZImageBrowserUITests;
			sourceTree = "<group>";
		};
		FD9469A4231512020052E57B /* Images */ = {
			isa = PBXGroup;
			children = (
				FD9469AA231512020052E57B /* YZImage.h */,
				FD9469A6231512020052E57B /* YZImage.m */,
				FD9469AC231512020052E57B /* YZImageCache.h */,
				FD9469A8231512020052E57B /* YZImageCache.m */,
				FD9469AB231512020052E57B /* YZImageDownloader.h */,
				FD9469A7231512020052E57B /* YZImageDownloader.m */,
				FD9469A9231512020052E57B /* YZImageView.h */,
				FD9469A5231512020052E57B /* YZImageView.m */,
			);
			path = Images;
			sourceTree = "<group>";
		};
		FD9469B1231514B80052E57B /* AFNetworking */ = {
			isa = PBXGroup;
			children = (
				FD9469B2231514B80052E57B /* AFSecurityPolicy.h */,
				FD9469B3231514B80052E57B /* AFNetworkReachabilityManager.h */,
				FD9469B4231514B80052E57B /* AFURLSessionManager.h */,
				FD9469B5231514B80052E57B /* AFURLRequestSerialization.h */,
				FD9469B6231514B80052E57B /* AFURLResponseSerialization.m */,
				FD9469B7231514B80052E57B /* AFHTTPSessionManager.m */,
				FD9469B8231514B80052E57B /* AFURLResponseSerialization.h */,
				FD9469B9231514B80052E57B /* AFURLSessionManager.m */,
				FD9469BA231514B80052E57B /* AFURLRequestSerialization.m */,
				FD9469BB231514B80052E57B /* AFNetworking.h */,
				FD9469BC231514B80052E57B /* AFNetworkReachabilityManager.m */,
				FD9469BD231514B80052E57B /* AFSecurityPolicy.m */,
				FD9469BE231514B80052E57B /* AFCompatibilityMacros.h */,
				FD9469BF231514B80052E57B /* AFHTTPSessionManager.h */,
			);
			path = AFNetworking;
			sourceTree = "<group>";
		};
		FD9469C923151D690052E57B /* YYImage */ = {
			isa = PBXGroup;
			children = (
				FD9469CE23151D690052E57B /* YYAnimatedImageView.h */,
				FD9469D223151D690052E57B /* YYAnimatedImageView.m */,
				FD9469CC23151D690052E57B /* YYFrameImage.h */,
				FD9469D123151D690052E57B /* YYFrameImage.m */,
				FD9469CA23151D690052E57B /* YYImage.h */,
				FD9469CF23151D690052E57B /* YYImage.m */,
				FD9469CB23151D690052E57B /* YYImageCoder.h */,
				FD9469D023151D690052E57B /* YYImageCoder.m */,
				FD9469D323151D690052E57B /* YYSpriteSheetImage.h */,
				FD9469CD23151D690052E57B /* YYSpriteSheetImage.m */,
			);
			path = YYImage;
			sourceTree = "<group>";
		};
		FD9469DD2315373B0052E57B /* Frameworks */ = {
			isa = PBXGroup;
			children = (
				FD9469F8231538860052E57B /* CoreLocation.framework */,
				FD9469F6231537980052E57B /* libz.tbd */,
				FD9469F4231537920052E57B /* libc++.tbd */,
				FD9469F22315378B0052E57B /* libresolv.9.tbd */,
				FD9469F0231537830052E57B /* CoreMotion.framework */,
				FD9469EE231537700052E57B /* AdSupport.framework */,
				FD9469EC2315376A0052E57B /* SystemConfiguration.framework */,
				FD9469EA231537630052E57B /* CoreTelephony.framework */,
				FD9469E82315375D0052E57B /* AVFoundation.framework */,
				FD9469E6231537570052E57B /* CoreMedia.framework */,
				FD9469E4231537510052E57B /* MediaPlayer.framework */,
				FD9469E22315374A0052E57B /* WebKit.framework */,
				FD9469E0231537440052E57B /* MobileCoreServices.framework */,
				FD9469DE2315373C0052E57B /* StoreKit.framework */,
			);
			name = Frameworks;
			sourceTree = "<group>";
		};
		FDCA93192314C4DD002ACE14 /* Graphics */ = {
			isa = PBXGroup;
			children = (
				FDCA93332314C4DD002ACE14 /* leo.gif */,
				FDCA932A2314C4DD002ACE14 /* part.gif */,
				FDCA931B2314C4DD002ACE14 /* qiaoben.gif */,
				FDCA931A2314C4DD002ACE14 /* wild.gif */,
				FDCA93222314C4DD002ACE14 /* cos_1_hd.jpg */,
				FDCA93262314C4DD002ACE14 /* cos_1_tiny.jpg */,
				FDCA932E2314C4DD002ACE14 /* cos_2_hd.jpg */,
				FDCA933A2314C4DD002ACE14 /* cos_2_tiny.jpg */,
				FDCA931E2314C4DD002ACE14 /* cos_3_hd.jpg */,
				FDCA93392314C4DD002ACE14 /* cos_3_tiny.jpg */,
				FDCA93352314C4DD002ACE14 /* cos_4_hd.jpg */,
				FDCA93302314C4DD002ACE14 /* cos_4_tiny.jpg */,
				FDCA93232314C4DD002ACE14 /* cos_5_hd.jpg */,
				FDCA93312314C4DD002ACE14 /* cos_5_tiny.jpg */,
				FDCA93372314C4DD002ACE14 /* cos_6_hd.jpg */,
				FDCA93212314C4DD002ACE14 /* cos_6_tiny.jpg */,
				FDCA932D2314C4DD002ACE14 /* game_1_hd.jpg */,
				FDCA93382314C4DD002ACE14 /* game_1_tiny.jpg */,
				FDCA93342314C4DD002ACE14 /* game_2_hd.jpg */,
				FDCA93242314C4DD002ACE14 /* game_2_tiny.jpg */,
				FDCA93272314C4DD002ACE14 /* game_3_hd.jpg */,
				FDCA93252314C4DD002ACE14 /* game_3_tiny.jpg */,
				FDCA932F2314C4DD002ACE14 /* game_4_hd.jpg */,
				FDCA93202314C4DD002ACE14 /* game_4_tiny.jpg */,
				FDCA931D2314C4DD002ACE14 /* game_5_hd.jpg */,
				FDCA931F2314C4DD002ACE14 /* game_5_tiny.jpg */,
				FDCA932C2314C4DD002ACE14 /* game_6_hd.jpg */,
				FDCA931C2314C4DD002ACE14 /* game_6_tiny.jpg */,
				FDCA93362314C4DD002ACE14 /* beng.mp4 */,
				FDCA93282314C4DD002ACE14 /* gua.mp4 */,
				FDCA932B2314C4DD002ACE14 /* xuwei.mp4 */,
			);
			path = Graphics;
			sourceTree = "<group>";
		};
/* End PBXGroup section */

/* Begin PBXNativeTarget section */
		FD6C5A87230FEE220037660A /* YZImageBrowser */ = {
			isa = PBXNativeTarget;
			buildConfigurationList = FD6C5AB7230FEE280037660A /* Build configuration list for PBXNativeTarget "YZImageBrowser" */;
			buildPhases = (
				FD6C5A84230FEE220037660A /* Sources */,
				FD6C5A85230FEE220037660A /* Frameworks */,
				FD6C5A86230FEE220037660A /* Resources */,
			);
			buildRules = (
			);
			dependencies = (
			);
			name = YZImageBrowser;
			productName = YZImageBrowser;
			productReference = FD6C5A88230FEE220037660A /* YZImageBrowser.app */;
			productType = "com.apple.product-type.application";
		};
		FD6C5AA2230FEE280037660A /* YZImageBrowserTests */ = {
			isa = PBXNativeTarget;
			buildConfigurationList = FD6C5ABA230FEE280037660A /* Build configuration list for PBXNativeTarget "YZImageBrowserTests" */;
			buildPhases = (
				FD6C5A9F230FEE280037660A /* Sources */,
				FD6C5AA0230FEE280037660A /* Frameworks */,
				FD6C5AA1230FEE280037660A /* Resources */,
			);
			buildRules = (
			);
			dependencies = (
				FD6C5AA5230FEE280037660A /* PBXTargetDependency */,
			);
			name = YZImageBrowserTests;
			productName = YZImageBrowserTests;
			productReference = FD6C5AA3230FEE280037660A /* YZImageBrowserTests.xctest */;
			productType = "com.apple.product-type.bundle.unit-test";
		};
		FD6C5AAD230FEE280037660A /* YZImageBrowserUITests */ = {
			isa = PBXNativeTarget;
			buildConfigurationList = FD6C5ABD230FEE280037660A /* Build configuration list for PBXNativeTarget "YZImageBrowserUITests" */;
			buildPhases = (
				FD6C5AAA230FEE280037660A /* Sources */,
				FD6C5AAB230FEE280037660A /* Frameworks */,
				FD6C5AAC230FEE280037660A /* Resources */,
			);
			buildRules = (
			);
			dependencies = (
				FD6C5AB0230FEE280037660A /* PBXTargetDependency */,
			);
			name = YZImageBrowserUITests;
			productName = YZImageBrowserUITests;
			productReference = FD6C5AAE230FEE280037660A /* YZImageBrowserUITests.xctest */;
			productType = "com.apple.product-type.bundle.ui-testing";
		};
/* End PBXNativeTarget section */

/* Begin PBXProject section */
		FD6C5A80230FEE220037660A /* Project object */ = {
			isa = PBXProject;
			attributes = {
				LastUpgradeCheck = 1100;
				ORGANIZATIONNAME = Shin;
				TargetAttributes = {
					FD6C5A87230FEE220037660A = {
						CreatedOnToolsVersion = 11.0;
					};
					FD6C5AA2230FEE280037660A = {
						CreatedOnToolsVersion = 11.0;
						TestTargetID = FD6C5A87230FEE220037660A;
					};
					FD6C5AAD230FEE280037660A = {
						CreatedOnToolsVersion = 11.0;
						TestTargetID = FD6C5A87230FEE220037660A;
					};
				};
			};
			buildConfigurationList = FD6C5A83230FEE220037660A /* Build configuration list for PBXProject "YZImageBrowser" */;
			compatibilityVersion = "Xcode 9.3";
			developmentRegion = en;
			hasScannedForEncodings = 0;
			knownRegions = (
				en,
				Base,
				"zh-Hans",
			);
			mainGroup = FD6C5A7F230FEE220037660A;
			productRefGroup = FD6C5A89230FEE220037660A /* Products */;
			projectDirPath = "";
			projectRoot = "";
			targets = (
				FD6C5A87230FEE220037660A /* YZImageBrowser */,
				FD6C5AA2230FEE280037660A /* YZImageBrowserTests */,
				FD6C5AAD230FEE280037660A /* YZImageBrowserUITests */,
			);
		};
/* End PBXProject section */

/* Begin PBXResourcesBuildPhase section */
		FD6C5A86230FEE220037660A /* Resources */ = {
			isa = PBXResourcesBuildPhase;
			buildActionMask = 2147483647;
			files = (
				FDCA93582314C4DD002ACE14 /* cos_6_hd.jpg in Resources */,
				FDCA933B2314C4DD002ACE14 /* wild.gif in Resources */,
				FDCA93522314C4DD002ACE14 /* cos_5_tiny.jpg in Resources */,
				FDCA933C2314C4DD002ACE14 /* qiaoben.gif in Resources */,
				FD9469DB231536C20052E57B /* BUAdSDK.bundle in Resources */,
				FDCA93572314C4DD002ACE14 /* beng.mp4 in Resources */,
				FDCA93592314C4DD002ACE14 /* game_1_tiny.jpg in Resources */,
				FDCA93422314C4DD002ACE14 /* cos_6_tiny.jpg in Resources */,
				FDCA933E2314C4DD002ACE14 /* game_5_hd.jpg in Resources */,
				FDCA934F2314C4DD002ACE14 /* cos_2_hd.jpg in Resources */,
				FDCA93552314C4DD002ACE14 /* game_2_hd.jpg in Resources */,
				FDCA934D2314C4DD002ACE14 /* game_6_hd.jpg in Resources */,
				FDCA933D2314C4DD002ACE14 /* game_6_tiny.jpg in Resources */,
				FDCA93472314C4DD002ACE14 /* cos_1_tiny.jpg in Resources */,
				FD6C5A9B230FEE280037660A /* LaunchScreen.storyboard in Resources */,
				FDCA934B2314C4DD002ACE14 /* part.gif in Resources */,
				FDCA935A2314C4DD002ACE14 /* cos_3_tiny.jpg in Resources */,
				FDCA93502314C4DD002ACE14 /* game_4_hd.jpg in Resources */,
				FDCA933F2314C4DD002ACE14 /* cos_3_hd.jpg in Resources */,
				FDCA935B2314C4DD002ACE14 /* cos_2_tiny.jpg in Resources */,
				FDCA93432314C4DD002ACE14 /* cos_1_hd.jpg in Resources */,
				FDCA93542314C4DD002ACE14 /* leo.gif in Resources */,
				FDCA93462314C4DD002ACE14 /* game_3_tiny.jpg in Resources */,
				FDCA93452314C4DD002ACE14 /* game_2_tiny.jpg in Resources */,
				FDCA93412314C4DD002ACE14 /* game_4_tiny.jpg in Resources */,
				FDCA93562314C4DD002ACE14 /* cos_4_hd.jpg in Resources */,
				FDCA93402314C4DD002ACE14 /* game_5_tiny.jpg in Resources */,
				FD6C5A98230FEE280037660A /* Assets.xcassets in Resources */,
				FDCA93482314C4DD002ACE14 /* game_3_hd.jpg in Resources */,
				FDCA93512314C4DD002ACE14 /* cos_4_tiny.jpg in Resources */,
				FDCA934C2314C4DD002ACE14 /* xuwei.mp4 in Resources */,
				FDCA93492314C4DD002ACE14 /* gua.mp4 in Resources */,
				FDCA934E2314C4DD002ACE14 /* game_1_hd.jpg in Resources */,
				FD6C5A96230FEE220037660A /* Main.storyboard in Resources */,
				FDCA93442314C4DD002ACE14 /* cos_5_hd.jpg in Resources */,
			);
			runOnlyForDeploymentPostprocessing = 0;
		};
		FD6C5AA1230FEE280037660A /* Resources */ = {
			isa = PBXResourcesBuildPhase;
			buildActionMask = 2147483647;
			files = (
			);
			runOnlyForDeploymentPostprocessing = 0;
		};
		FD6C5AAC230FEE280037660A /* Resources */ = {
			isa = PBXResourcesBuildPhase;
			buildActionMask = 2147483647;
			files = (
			);
			runOnlyForDeploymentPostprocessing = 0;
		};
/* End PBXResourcesBuildPhase section */

/* Begin PBXSourcesBuildPhase section */
		FD6C5A84230FEE220037660A /* Sources */ = {
			isa = PBXSourcesBuildPhase;
			buildActionMask = 2147483647;
			files = (
				FD9469C5231514B80052E57B /* AFSecurityPolicy.m in Sources */,
				FD9469A32315106C0052E57B /* YZImageModel.m in Sources */,
				FD9469C4231514B80052E57B /* AFNetworkReachabilityManager.m in Sources */,
				FD9469C0231514B80052E57B /* AFURLResponseSerialization.m in Sources */,
				FD9469D423151D690052E57B /* YYSpriteSheetImage.m in Sources */,
				FD9469C8231517AA0052E57B /* YZImageBrowserView.m in Sources */,
				FD9469AF231512020052E57B /* YZImageDownloader.m in Sources */,
				FD9469C3231514B80052E57B /* AFURLRequestSerialization.m in Sources */,
				FD9469AD231512020052E57B /* YZImageView.m in Sources */,
				FD9469C2231514B80052E57B /* AFURLSessionManager.m in Sources */,
				FD9469B0231512020052E57B /* YZImageCache.m in Sources */,
				FD9469D523151D690052E57B /* YYImage.m in Sources */,
				FD9469AE231512020052E57B /* YZImage.m in Sources */,
				FD6C5A93230FEE220037660A /* ViewController.m in Sources */,
				FD9469D723151D690052E57B /* YYFrameImage.m in Sources */,
				FD9469C1231514B80052E57B /* AFHTTPSessionManager.m in Sources */,
				FD9469D623151D690052E57B /* YYImageCoder.m in Sources */,
				FD6C5A8D230FEE220037660A /* AppDelegate.m in Sources */,
				FD6C5A9E230FEE280037660A /* main.m in Sources */,
				FD9469D823151D690052E57B /* YYAnimatedImageView.m in Sources */,
			);
			runOnlyForDeploymentPostprocessing = 0;
		};
		FD6C5A9F230FEE280037660A /* Sources */ = {
			isa = PBXSourcesBuildPhase;
			buildActionMask = 2147483647;
			files = (
				FD6C5AA8230FEE280037660A /* YZImageBrowserTests.m in Sources */,
			);
			runOnlyForDeploymentPostprocessing = 0;
		};
		FD6C5AAA230FEE280037660A /* Sources */ = {
			isa = PBXSourcesBuildPhase;
			buildActionMask = 2147483647;
			files = (
				FD6C5AB3230FEE280037660A /* YZImageBrowserUITests.m in Sources */,
			);
			runOnlyForDeploymentPostprocessing = 0;
		};
/* End PBXSourcesBuildPhase section */

/* Begin PBXTargetDependency section */
		FD6C5AA5230FEE280037660A /* PBXTargetDependency */ = {
			isa = PBXTargetDependency;
			target = FD6C5A87230FEE220037660A /* YZImageBrowser */;
			targetProxy = FD6C5AA4230FEE280037660A /* PBXContainerItemProxy */;
		};
		FD6C5AB0230FEE280037660A /* PBXTargetDependency */ = {
			isa = PBXTargetDependency;
			target = FD6C5A87230FEE220037660A /* YZImageBrowser */;
			targetProxy = FD6C5AAF230FEE280037660A /* PBXContainerItemProxy */;
		};
/* End PBXTargetDependency section */

/* Begin PBXVariantGroup section */
		FD6C5A94230FEE220037660A /* Main.storyboard */ = {
			isa = PBXVariantGroup;
			children = (
				FD6C5A95230FEE220037660A /* Base */,
				FD9469FA231538F10052E57B /* zh-Hans */,
			);
			name = Main.storyboard;
			sourceTree = "<group>";
		};
		FD6C5A99230FEE280037660A /* LaunchScreen.storyboard */ = {
			isa = PBXVariantGroup;
			children = (
				FD6C5A9A230FEE280037660A /* Base */,
				FD9469FB231538F20052E57B /* zh-Hans */,
			);
			name = LaunchScreen.storyboard;
			sourceTree = "<group>";
		};
/* End PBXVariantGroup section */

/* Begin XCBuildConfiguration section */
		FD6C5AB5230FEE280037660A /* Debug */ = {
			isa = XCBuildConfiguration;
			buildSettings = {
				ALWAYS_SEARCH_USER_PATHS = NO;
				CLANG_ANALYZER_LOCALIZABILITY_NONLOCALIZED = YES;
				CLANG_ANALYZER_NONNULL = YES;
				CLANG_ANALYZER_NUMBER_OBJECT_CONVERSION = YES_AGGRESSIVE;
				CLANG_CXX_LANGUAGE_STANDARD = "gnu++14";
				CLANG_CXX_LIBRARY = "libc++";
				CLANG_ENABLE_MODULES = YES;
				CLANG_ENABLE_OBJC_ARC = YES;
				CLANG_ENABLE_OBJC_WEAK = YES;
				CLANG_WARN_BLOCK_CAPTURE_AUTORELEASING = YES;
				CLANG_WARN_BOOL_CONVERSION = YES;
				CLANG_WARN_COMMA = YES;
				CLANG_WARN_CONSTANT_CONVERSION = YES;
				CLANG_WARN_DEPRECATED_OBJC_IMPLEMENTATIONS = YES;
				CLANG_WARN_DIRECT_OBJC_ISA_USAGE = YES_ERROR;
				CLANG_WARN_DOCUMENTATION_COMMENTS = YES;
				CLANG_WARN_EMPTY_BODY = YES;
				CLANG_WARN_ENUM_CONVERSION = YES;
				CLANG_WARN_INFINITE_RECURSION = YES;
				CLANG_WARN_INT_CONVERSION = YES;
				CLANG_WARN_NON_LITERAL_NULL_CONVERSION = YES;
				CLANG_WARN_OBJC_IMPLICIT_RETAIN_SELF = YES;
				CLANG_WARN_OBJC_LITERAL_CONVERSION = YES;
				CLANG_WARN_OBJC_ROOT_CLASS = YES_ERROR;
				CLANG_WARN_RANGE_LOOP_ANALYSIS = YES;
				CLANG_WARN_STRICT_PROTOTYPES = YES;
				CLANG_WARN_SUSPICIOUS_MOVE = YES;
				CLANG_WARN_UNGUARDED_AVAILABILITY = YES_AGGRESSIVE;
				CLANG_WARN_UNREACHABLE_CODE = YES;
				CLANG_WARN__DUPLICATE_METHOD_MATCH = YES;
				COPY_PHASE_STRIP = NO;
				DEBUG_INFORMATION_FORMAT = dwarf;
				ENABLE_STRICT_OBJC_MSGSEND = YES;
				ENABLE_TESTABILITY = YES;
				GCC_C_LANGUAGE_STANDARD = gnu11;
				GCC_DYNAMIC_NO_PIC = NO;
				GCC_NO_COMMON_BLOCKS = YES;
				GCC_OPTIMIZATION_LEVEL = 0;
				GCC_PREPROCESSOR_DEFINITIONS = (
					"DEBUG=1",
					"$(inherited)",
				);
				GCC_WARN_64_TO_32_BIT_CONVERSION = YES;
				GCC_WARN_ABOUT_RETURN_TYPE = YES_ERROR;
				GCC_WARN_UNDECLARED_SELECTOR = YES;
				GCC_WARN_UNINITIALIZED_AUTOS = YES_AGGRESSIVE;
				GCC_WARN_UNUSED_FUNCTION = YES;
				GCC_WARN_UNUSED_VARIABLE = YES;
				IPHONEOS_DEPLOYMENT_TARGET = 13.0;
				MTL_ENABLE_DEBUG_INFO = INCLUDE_SOURCE;
				MTL_FAST_MATH = YES;
				ONLY_ACTIVE_ARCH = YES;
				SDKROOT = iphoneos;
			};
			name = Debug;
		};
		FD6C5AB6230FEE280037660A /* Release */ = {
			isa = XCBuildConfiguration;
			buildSettings = {
				ALWAYS_SEARCH_USER_PATHS = NO;
				CLANG_ANALYZER_LOCALIZABILITY_NONLOCALIZED = YES;
				CLANG_ANALYZER_NONNULL = YES;
				CLANG_ANALYZER_NUMBER_OBJECT_CONVERSION = YES_AGGRESSIVE;
				CLANG_CXX_LANGUAGE_STANDARD = "gnu++14";
				CLANG_CXX_LIBRARY = "libc++";
				CLANG_ENABLE_MODULES = YES;
				CLANG_ENABLE_OBJC_ARC = YES;
				CLANG_ENABLE_OBJC_WEAK = YES;
				CLANG_WARN_BLOCK_CAPTURE_AUTORELEASING = YES;
				CLANG_WARN_BOOL_CONVERSION = YES;
				CLANG_WARN_COMMA = YES;
				CLANG_WARN_CONSTANT_CONVERSION = YES;
				CLANG_WARN_DEPRECATED_OBJC_IMPLEMENTATIONS = YES;
				CLANG_WARN_DIRECT_OBJC_ISA_USAGE = YES_ERROR;
				CLANG_WARN_DOCUMENTATION_COMMENTS = YES;
				CLANG_WARN_EMPTY_BODY = YES;
				CLANG_WARN_ENUM_CONVERSION = YES;
				CLANG_WARN_INFINITE_RECURSION = YES;
				CLANG_WARN_INT_CONVERSION = YES;
				CLANG_WARN_NON_LITERAL_NULL_CONVERSION = YES;
				CLANG_WARN_OBJC_IMPLICIT_RETAIN_SELF = YES;
				CLANG_WARN_OBJC_LITERAL_CONVERSION = YES;
				CLANG_WARN_OBJC_ROOT_CLASS = YES_ERROR;
				CLANG_WARN_RANGE_LOOP_ANALYSIS = YES;
				CLANG_WARN_STRICT_PROTOTYPES = YES;
				CLANG_WARN_SUSPICIOUS_MOVE = YES;
				CLANG_WARN_UNGUARDED_AVAILABILITY = YES_AGGRESSIVE;
				CLANG_WARN_UNREACHABLE_CODE = YES;
				CLANG_WARN__DUPLICATE_METHOD_MATCH = YES;
				COPY_PHASE_STRIP = NO;
				DEBUG_INFORMATION_FORMAT = "dwarf-with-dsym";
				ENABLE_NS_ASSERTIONS = NO;
				ENABLE_STRICT_OBJC_MSGSEND = YES;
				GCC_C_LANGUAGE_STANDARD = gnu11;
				GCC_NO_COMMON_BLOCKS = YES;
				GCC_WARN_64_TO_32_BIT_CONVERSION = YES;
				GCC_WARN_ABOUT_RETURN_TYPE = YES_ERROR;
				GCC_WARN_UNDECLARED_SELECTOR = YES;
				GCC_WARN_UNINITIALIZED_AUTOS = YES_AGGRESSIVE;
				GCC_WARN_UNUSED_FUNCTION = YES;
				GCC_WARN_UNUSED_VARIABLE = YES;
				IPHONEOS_DEPLOYMENT_TARGET = 13.0;
				MTL_ENABLE_DEBUG_INFO = NO;
				MTL_FAST_MATH = YES;
				SDKROOT = iphoneos;
				VALIDATE_PRODUCT = YES;
			};
			name = Release;
		};
		FD6C5AB8230FEE280037660A /* Debug */ = {
			isa = XCBuildConfiguration;
			buildSettings = {
				ASSETCATALOG_COMPILER_APPICON_NAME = AppIcon;
				CODE_SIGN_STYLE = Automatic;
				DEVELOPMENT_TEAM = 5DVPT5R6X2;
				FRAMEWORK_SEARCH_PATHS = (
					"$(inherited)",
					"$(PROJECT_DIR)/YZImageBrowser",
				);
				INFOPLIST_FILE = YZImageBrowser/Info.plist;
				IPHONEOS_DEPLOYMENT_TARGET = 11.0;
				LD_RUNPATH_SEARCH_PATHS = (
					"$(inherited)",
					"@executable_path/Frameworks",
				);
				OTHER_LDFLAGS = (
					"$(inherited)",
					"-ObjC",
					"-all_load",
				);
				PRODUCT_BUNDLE_IDENTIFIER = com.Shin.YZImageBrowser;
				PRODUCT_NAME = "$(TARGET_NAME)";
				TARGETED_DEVICE_FAMILY = "1,2";
			};
			name = Debug;
		};
		FD6C5AB9230FEE280037660A /* Release */ = {
			isa = XCBuildConfiguration;
			buildSettings = {
				ASSETCATALOG_COMPILER_APPICON_NAME = AppIcon;
				CODE_SIGN_STYLE = Automatic;
				DEVELOPMENT_TEAM = 5DVPT5R6X2;
				FRAMEWORK_SEARCH_PATHS = (
					"$(inherited)",
					"$(PROJECT_DIR)/YZImageBrowser",
				);
				INFOPLIST_FILE = YZImageBrowser/Info.plist;
				IPHONEOS_DEPLOYMENT_TARGET = 11.0;
				LD_RUNPATH_SEARCH_PATHS = (
					"$(inherited)",
					"@executable_path/Frameworks",
				);
				OTHER_LDFLAGS = (
					"$(inherited)",
					"-ObjC",
					"-all_load",
				);
				PRODUCT_BUNDLE_IDENTIFIER = com.Shin.YZImageBrowser;
				PRODUCT_NAME = "$(TARGET_NAME)";
				TARGETED_DEVICE_FAMILY = "1,2";
			};
			name = Release;
		};
		FD6C5ABB230FEE280037660A /* Debug */ = {
			isa = XCBuildConfiguration;
			buildSettings = {
				BUNDLE_LOADER = "$(TEST_HOST)";
				CODE_SIGN_STYLE = Automatic;
				DEVELOPMENT_TEAM = 5DVPT5R6X2;
				INFOPLIST_FILE = YZImageBrowserTests/Info.plist;
				LD_RUNPATH_SEARCH_PATHS = (
					"$(inherited)",
					"@executable_path/Frameworks",
					"@loader_path/Frameworks",
				);
				PRODUCT_BUNDLE_IDENTIFIER = com.Shin.YZImageBrowserTests;
				PRODUCT_NAME = "$(TARGET_NAME)";
				TARGETED_DEVICE_FAMILY = "1,2";
				TEST_HOST = "$(BUILT_PRODUCTS_DIR)/YZImageBrowser.app/YZImageBrowser";
			};
			name = Debug;
		};
		FD6C5ABC230FEE280037660A /* Release */ = {
			isa = XCBuildConfiguration;
			buildSettings = {
				BUNDLE_LOADER = "$(TEST_HOST)";
				CODE_SIGN_STYLE = Automatic;
				DEVELOPMENT_TEAM = 5DVPT5R6X2;
				INFOPLIST_FILE = YZImageBrowserTests/Info.plist;
				LD_RUNPATH_SEARCH_PATHS = (
					"$(inherited)",
					"@executable_path/Frameworks",
					"@loader_path/Frameworks",
				);
				PRODUCT_BUNDLE_IDENTIFIER = com.Shin.YZImageBrowserTests;
				PRODUCT_NAME = "$(TARGET_NAME)";
				TARGETED_DEVICE_FAMILY = "1,2";
				TEST_HOST = "$(BUILT_PRODUCTS_DIR)/YZImageBrowser.app/YZImageBrowser";
			};
			name = Release;
		};
		FD6C5ABE230FEE280037660A /* Debug */ = {
			isa = XCBuildConfiguration;
			buildSettings = {
				CODE_SIGN_STYLE = Automatic;
				DEVELOPMENT_TEAM = 5DVPT5R6X2;
				INFOPLIST_FILE = YZImageBrowserUITests/Info.plist;
				LD_RUNPATH_SEARCH_PATHS = (
					"$(inherited)",
					"@executable_path/Frameworks",
					"@loader_path/Frameworks",
				);
				PRODUCT_BUNDLE_IDENTIFIER = com.Shin.YZImageBrowserUITests;
				PRODUCT_NAME = "$(TARGET_NAME)";
				TARGETED_DEVICE_FAMILY = "1,2";
				TEST_TARGET_NAME = YZImageBrowser;
			};
			name = Debug;
		};
		FD6C5ABF230FEE280037660A /* Release */ = {
			isa = XCBuildConfiguration;
			buildSettings = {
				CODE_SIGN_STYLE = Automatic;
				DEVELOPMENT_TEAM = 5DVPT5R6X2;
				INFOPLIST_FILE = YZImageBrowserUITests/Info.plist;
				LD_RUNPATH_SEARCH_PATHS = (
					"$(inherited)",
					"@executable_path/Frameworks",
					"@loader_path/Frameworks",
				);
				PRODUCT_BUNDLE_IDENTIFIER = com.Shin.YZImageBrowserUITests;
				PRODUCT_NAME = "$(TARGET_NAME)";
				TARGETED_DEVICE_FAMILY = "1,2";
				TEST_TARGET_NAME = YZImageBrowser;
			};
			name = Release;
		};
/* End XCBuildConfiguration section */

/* Begin XCConfigurationList section */
		FD6C5A83230FEE220037660A /* Build configuration list for PBXProject "YZImageBrowser" */ = {
			isa = XCConfigurationList;
			buildConfigurations = (
				FD6C5AB5230FEE280037660A /* Debug */,
				FD6C5AB6230FEE280037660A /* Release */,
			);
			defaultConfigurationIsVisible = 0;
			defaultConfigurationName = Release;
		};
		FD6C5AB7230FEE280037660A /* Build configuration list for PBXNativeTarget "YZImageBrowser" */ = {
			isa = XCConfigurationList;
			buildConfigurations = (
				FD6C5AB8230FEE280037660A /* Debug */,
				FD6C5AB9230FEE280037660A /* Release */,
			);
			defaultConfigurationIsVisible = 0;
			defaultConfigurationName = Release;
		};
		FD6C5ABA230FEE280037660A /* Build configuration list for PBXNativeTarget "YZImageBrowserTests" */ = {
			isa = XCConfigurationList;
			buildConfigurations = (
				FD6C5ABB230FEE280037660A /* Debug */,
				FD6C5ABC230FEE280037660A /* Release */,
			);
			defaultConfigurationIsVisible = 0;
			defaultConfigurationName = Release;
		};
		FD6C5ABD230FEE280037660A /* Build configuration list for PBXNativeTarget "YZImageBrowserUITests" */ = {
			isa = XCConfigurationList;
			buildConfigurations = (
				FD6C5ABE230FEE280037660A /* Debug */,
				FD6C5ABF230FEE280037660A /* Release */,
			);
			defaultConfigurationIsVisible = 0;
			defaultConfigurationName = Release;
		};
/* End XCConfigurationList section */
	};
	rootObject = FD6C5A80230FEE220037660A /* Project object */;
}
